
Microsoft Visual Studio Solution File, Format Version 12.00
# Visual Studio Version 17
VisualStudioVersion = 17.0.32014.148
MinimumVisualStudioVersion = 10.0.40219.1
Project("{FAE04EC0-301F-11D3-BF4B-00C04F79EFBC}") = "Presentation", "Presentation\Presentation.csproj", "{43FA0977-699F-447F-9B38-C1CB3671FF3F}"
EndProject
Global
	GlobalSection(SolutionConfigurationPlatforms) = preSolution
		Debug|Any CPU = Debug|Any CPU
		Release|Any CPU = Release|Any CPU
	EndGlobalSection
	GlobalSection(ProjectConfigurationPlatforms) = postSolution
		{43FA0977-699F-447F-9B38-C1CB3671FF3F}.Debug|Any CPU.ActiveCfg = Debug|Any CPU
		{43FA0977-699F-447F-9B38-C1CB3671FF3F}.Debug|Any CPU.Build.0 = Debug|Any CPU
		{43FA0977-699F-447F-9B38-C1CB3671FF3F}.Release|Any CPU.ActiveCfg = Release|Any CPU
		{43FA0977-699F-447F-9B38-C1CB3671FF3F}.Release|Any CPU.Build.0 = Release|Any CPU
	EndGlobalSection
	GlobalSection(SolutionProperties) = preSolution
		HideSolutionNode = FALSE
	EndGlobalSection
	GlobalSection(ExtensibilityGlobals) = postSolution
		SolutionGuid = {8437C055-F18D-49F2-9A65-BC09A4E756F2}
	EndGlobalSection
EndGlobal
